
Microsoft Visual Studio Solution File, Format Version 12.00
# Visual Studio Version 17
VisualStudioVersion = 17.7.34221.43
MinimumVisualStudioVersion = 10.0.40219.1
Project("{FAE04EC0-301F-11D3-BF4B-00C04F79EFBC}") = "1stRask", "Task4HW\1stRask.csproj", "{EDEA190F-AB2A-4BA8-AB21-3636FF9581C6}"
EndProject
Project("{FAE04EC0-301F-11D3-BF4B-00C04F79EFBC}") = "2ndTask", "2ndTask\2ndTask.csproj", "{D97BD114-02AC-4125-BA29-0E57A937A9B9}"
EndProject
Project("{FAE04EC0-301F-11D3-BF4B-00C04F79EFBC}") = "3rdTask", "3rdTask\3rdTask.csproj", "{AFDD4269-1B02-4EAB-9601-E2F20F6343E8}"
EndProject
Project("{FAE04EC0-301F-11D3-BF4B-00C04F79EFBC}") = "4thTask", "4thTask\4thTask.csproj", "{29DAF73E-24ED-4DB7-A16A-4F5A78719301}"
EndProject
Project("{FAE04EC0-301F-11D3-BF4B-00C04F79EFBC}") = "5thTask", "5thTask\5thTask.csproj", "{72D3CFFA-F27D-4408-8EC5-209144243433}"
EndProject
Global
	GlobalSection(SolutionConfigurationPlatforms) = preSolution
		Debug|Any CPU = Debug|Any CPU
		Release|Any CPU = Release|Any CPU
	EndGlobalSection
	GlobalSection(ProjectConfigurationPlatforms) = postSolution
		{EDEA190F-AB2A-4BA8-AB21-3636FF9581C6}.Debug|Any CPU.ActiveCfg = Debug|Any CPU
		{EDEA190F-AB2A-4BA8-AB21-3636FF9581C6}.Debug|Any CPU.Build.0 = Debug|Any CPU
		{EDEA190F-AB2A-4BA8-AB21-3636FF9581C6}.Release|Any CPU.ActiveCfg = Release|Any CPU
		{EDEA190F-AB2A-4BA8-AB21-3636FF9581C6}.Release|Any CPU.Build.0 = Release|Any CPU
		{D97BD114-02AC-4125-BA29-0E57A937A9B9}.Debug|Any CPU.ActiveCfg = Debug|Any CPU
		{D97BD114-02AC-4125-BA29-0E57A937A9B9}.Debug|Any CPU.Build.0 = Debug|Any CPU
		{D97BD114-02AC-4125-BA29-0E57A937A9B9}.Release|Any CPU.ActiveCfg = Release|Any CPU
		{D97BD114-02AC-4125-BA29-0E57A937A9B9}.Release|Any CPU.Build.0 = Release|Any CPU
		{AFDD4269-1B02-4EAB-9601-E2F20F6343E8}.Debug|Any CPU.ActiveCfg = Debug|Any CPU
		{AFDD4269-1B02-4EAB-9601-E2F20F6343E8}.Debug|Any CPU.Build.0 = Debug|Any CPU
		{AFDD4269-1B02-4EAB-9601-E2F20F6343E8}.Release|Any CPU.ActiveCfg = Release|Any CPU
		{AFDD4269-1B02-4EAB-9601-E2F20F6343E8}.Release|Any CPU.Build.0 = Release|Any CPU
		{29DAF73E-24ED-4DB7-A16A-4F5A78719301}.Debug|Any CPU.ActiveCfg = Debug|Any CPU
		{29DAF73E-24ED-4DB7-A16A-4F5A78719301}.Debug|Any CPU.Build.0 = Debug|Any CPU
		{29DAF73E-24ED-4DB7-A16A-4F5A78719301}.Release|Any CPU.ActiveCfg = Release|Any CPU
		{29DAF73E-24ED-4DB7-A16A-4F5A78719301}.Release|Any CPU.Build.0 = Release|Any CPU
		{72D3CFFA-F27D-4408-8EC5-209144243433}.Debug|Any CPU.ActiveCfg = Debug|Any CPU
		{72D3CFFA-F27D-4408-8EC5-209144243433}.Debug|Any CPU.Build.0 = Debug|Any CPU
		{72D3CFFA-F27D-4408-8EC5-209144243433}.Release|Any CPU.ActiveCfg = Release|Any CPU
		{72D3CFFA-F27D-4408-8EC5-209144243433}.Release|Any CPU.Build.0 = Release|Any CPU
	EndGlobalSection
	GlobalSection(SolutionProperties) = preSolution
		HideSolutionNode = FALSE
	EndGlobalSection
	GlobalSection(ExtensibilityGlobals) = postSolution
		SolutionGuid = {5FBE29F5-8A44-47D3-90E3-61FC90A8F0F1}
	EndGlobalSection
EndGlobal
